
Microsoft Visual Studio Solution File, Format Version 12.00
# Visual Studio Version 16
VisualStudioVersion = 16.0.29025.244
MinimumVisualStudioVersion = 10.0.40219.1
Project("{9A19103F-16F7-4668-BE54-9A1E7A4F7556}") = "fxFF", "ConsoleApp1\fxFF.csproj", "{FDD7E992-DD12-434E-B806-69A1618D2EA5}"
EndProject
Project("{FAE04EC0-301F-11D3-BF4B-00C04F79EFBC}") = "Model", "Model\Model.csproj", "{04C175BD-5D00-4CB1-9247-8D341865A5E9}"
EndProject
Project("{FAE04EC0-301F-11D3-BF4B-00C04F79EFBC}") = "XUnitTestProject", "XUnitTestProject\XUnitTestProject.csproj", "{2CC7FD5D-A001-4462-B366-3509A8180A0E}"
EndProject
Global
	GlobalSection(SolutionConfigurationPlatforms) = preSolution
		Debug|Any CPU = Debug|Any CPU
		Release|Any CPU = Release|Any CPU
	EndGlobalSection
	GlobalSection(ProjectConfigurationPlatforms) = postSolution
		{FDD7E992-DD12-434E-B806-69A1618D2EA5}.Debug|Any CPU.ActiveCfg = Debug|Any CPU
		{FDD7E992-DD12-434E-B806-69A1618D2EA5}.Debug|Any CPU.Build.0 = Debug|Any CPU
		{FDD7E992-DD12-434E-B806-69A1618D2EA5}.Release|Any CPU.ActiveCfg = Release|Any CPU
		{FDD7E992-DD12-434E-B806-69A1618D2EA5}.Release|Any CPU.Build.0 = Release|Any CPU
		{04C175BD-5D00-4CB1-9247-8D341865A5E9}.Debug|Any CPU.ActiveCfg = Debug|Any CPU
		{04C175BD-5D00-4CB1-9247-8D341865A5E9}.Debug|Any CPU.Build.0 = Debug|Any CPU
		{04C175BD-5D00-4CB1-9247-8D341865A5E9}.Release|Any CPU.ActiveCfg = Release|Any CPU
		{04C175BD-5D00-4CB1-9247-8D341865A5E9}.Release|Any CPU.Build.0 = Release|Any CPU
		{2CC7FD5D-A001-4462-B366-3509A8180A0E}.Debug|Any CPU.ActiveCfg = Debug|Any CPU
		{2CC7FD5D-A001-4462-B366-3509A8180A0E}.Debug|Any CPU.Build.0 = Debug|Any CPU
		{2CC7FD5D-A001-4462-B366-3509A8180A0E}.Release|Any CPU.ActiveCfg = Release|Any CPU
		{2CC7FD5D-A001-4462-B366-3509A8180A0E}.Release|Any CPU.Build.0 = Release|Any CPU
	EndGlobalSection
	GlobalSection(SolutionProperties) = preSolution
		HideSolutionNode = FALSE
	EndGlobalSection
	GlobalSection(ExtensibilityGlobals) = postSolution
		SolutionGuid = {FA834D9E-2057-4A4B-9913-0A7CF8DF5D1E}
	EndGlobalSection
EndGlobal
